
Microsoft Visual Studio Solution File, Format Version 12.00
# Visual Studio Version 17
VisualStudioVersion = 17.9.34616.47
MinimumVisualStudioVersion = 10.0.40219.1
Project("{FAE04EC0-301F-11D3-BF4B-00C04F79EFBC}") = "QinshiftAcademy.HomeworkClass2.Excercise1", "QinshiftAcademy.HomeworkClass2.Excercise1\QinshiftAcademy.HomeworkClass2.Excercise1.csproj", "{440E7D8D-B0A2-4763-8076-84AB5142277A}"
EndProject
Project("{FAE04EC0-301F-11D3-BF4B-00C04F79EFBC}") = "HomeworkClass2.Excercise2", "HomeworkClass2.Excercise2\HomeworkClass2.Excercise2.csproj", "{AB2F22E9-D479-4B40-A96A-881D81A83A17}"
EndProject
Global
	GlobalSection(SolutionConfigurationPlatforms) = preSolution
		Debug|Any CPU = Debug|Any CPU
		Release|Any CPU = Release|Any CPU
	EndGlobalSection
	GlobalSection(ProjectConfigurationPlatforms) = postSolution
		{440E7D8D-B0A2-4763-8076-84AB5142277A}.Debug|Any CPU.ActiveCfg = Debug|Any CPU
		{440E7D8D-B0A2-4763-8076-84AB5142277A}.Debug|Any CPU.Build.0 = Debug|Any CPU
		{440E7D8D-B0A2-4763-8076-84AB5142277A}.Release|Any CPU.ActiveCfg = Release|Any CPU
		{440E7D8D-B0A2-4763-8076-84AB5142277A}.Release|Any CPU.Build.0 = Release|Any CPU
		{AB2F22E9-D479-4B40-A96A-881D81A83A17}.Debug|Any CPU.ActiveCfg = Debug|Any CPU
		{AB2F22E9-D479-4B40-A96A-881D81A83A17}.Debug|Any CPU.Build.0 = Debug|Any CPU
		{AB2F22E9-D479-4B40-A96A-881D81A83A17}.Release|Any CPU.ActiveCfg = Release|Any CPU
		{AB2F22E9-D479-4B40-A96A-881D81A83A17}.Release|Any CPU.Build.0 = Release|Any CPU
	EndGlobalSection
	GlobalSection(SolutionProperties) = preSolution
		HideSolutionNode = FALSE
	EndGlobalSection
	GlobalSection(ExtensibilityGlobals) = postSolution
		SolutionGuid = {D19DEBF2-9AB3-45E4-8458-851E22E84717}
	EndGlobalSection
EndGlobal
