
Microsoft Visual Studio Solution File, Format Version 12.00
# Visual Studio Version 17
VisualStudioVersion = 17.9.34616.47
MinimumVisualStudioVersion = 10.0.40219.1
Project("{FAE04EC0-301F-11D3-BF4B-00C04F79EFBC}") = "QinshiftAcademy.Excercise4", "QinshiftAcademy.Excercise4\QinshiftAcademy.Excercise4.csproj", "{932DAE6E-49EF-4545-A10B-38514FC91C1B}"
EndProject
Global
	GlobalSection(SolutionConfigurationPlatforms) = preSolution
		Debug|Any CPU = Debug|Any CPU
		Release|Any CPU = Release|Any CPU
	EndGlobalSection
	GlobalSection(ProjectConfigurationPlatforms) = postSolution
		{932DAE6E-49EF-4545-A10B-38514FC91C1B}.Debug|Any CPU.ActiveCfg = Debug|Any CPU
		{932DAE6E-49EF-4545-A10B-38514FC91C1B}.Debug|Any CPU.Build.0 = Debug|Any CPU
		{932DAE6E-49EF-4545-A10B-38514FC91C1B}.Release|Any CPU.ActiveCfg = Release|Any CPU
		{932DAE6E-49EF-4545-A10B-38514FC91C1B}.Release|Any CPU.Build.0 = Release|Any CPU
	EndGlobalSection
	GlobalSection(SolutionProperties) = preSolution
		HideSolutionNode = FALSE
	EndGlobalSection
	GlobalSection(ExtensibilityGlobals) = postSolution
		SolutionGuid = {8A31DE6A-D430-4DE8-BA23-1500B83C6478}
	EndGlobalSection
EndGlobal
